
Microsoft Visual Studio Solution File, Format Version 12.00
# Visual Studio 15
VisualStudioVersion = 15.0.28307.1082
MinimumVisualStudioVersion = 10.0.40219.1
Project("{FAE04EC0-301F-11D3-BF4B-00C04F79EFBC}") = "RTUtils.BitOperation", "RTUtils.BitOperation\RTUtils.BitOperation.csproj", "{855D7916-99F2-4BE3-9FFE-CD6180922449}"
EndProject
Project("{FAE04EC0-301F-11D3-BF4B-00C04F79EFBC}") = "RTUtils.BitOperationTests", "RTUtils.BitOperationTests\RTUtils.BitOperationTests.csproj", "{929BFEAF-BD48-4025-85D3-AE731408ED8C}"
EndProject
Project("{2150E333-8FDC-42A3-9474-1A3956D46DE8}") = "Solution Items", "Solution Items", "{BDD6AFF3-8A2B-4A14-A0BC-25566883AC5A}"
	ProjectSection(SolutionItems) = preProject
		RTUtils.nuspec = RTUtils.nuspec
	EndProjectSection
EndProject
Project("{FAE04EC0-301F-11D3-BF4B-00C04F79EFBC}") = "RTUtils.Misc", "RTUtils.Misc\RTUtils.Misc.csproj", "{13B847B9-756A-4588-8354-07DB66329AD4}"
EndProject
Project("{FAE04EC0-301F-11D3-BF4B-00C04F79EFBC}") = "RTUtils.MiscTests", "RTUtils.MiscTest\RTUtils.MiscTests.csproj", "{559CA8D3-E8B1-4F14-AFA1-3B5AFB76FC23}"
EndProject
Global
	GlobalSection(SolutionConfigurationPlatforms) = preSolution
		Debug|Any CPU = Debug|Any CPU
		Release|Any CPU = Release|Any CPU
	EndGlobalSection
	GlobalSection(ProjectConfigurationPlatforms) = postSolution
		{855D7916-99F2-4BE3-9FFE-CD6180922449}.Debug|Any CPU.ActiveCfg = Debug|Any CPU
		{855D7916-99F2-4BE3-9FFE-CD6180922449}.Debug|Any CPU.Build.0 = Debug|Any CPU
		{855D7916-99F2-4BE3-9FFE-CD6180922449}.Release|Any CPU.ActiveCfg = Release|Any CPU
		{855D7916-99F2-4BE3-9FFE-CD6180922449}.Release|Any CPU.Build.0 = Release|Any CPU
		{929BFEAF-BD48-4025-85D3-AE731408ED8C}.Debug|Any CPU.ActiveCfg = Debug|Any CPU
		{929BFEAF-BD48-4025-85D3-AE731408ED8C}.Debug|Any CPU.Build.0 = Debug|Any CPU
		{929BFEAF-BD48-4025-85D3-AE731408ED8C}.Release|Any CPU.ActiveCfg = Release|Any CPU
		{929BFEAF-BD48-4025-85D3-AE731408ED8C}.Release|Any CPU.Build.0 = Release|Any CPU
		{13B847B9-756A-4588-8354-07DB66329AD4}.Debug|Any CPU.ActiveCfg = Debug|Any CPU
		{13B847B9-756A-4588-8354-07DB66329AD4}.Debug|Any CPU.Build.0 = Debug|Any CPU
		{13B847B9-756A-4588-8354-07DB66329AD4}.Release|Any CPU.ActiveCfg = Release|Any CPU
		{13B847B9-756A-4588-8354-07DB66329AD4}.Release|Any CPU.Build.0 = Release|Any CPU
		{559CA8D3-E8B1-4F14-AFA1-3B5AFB76FC23}.Debug|Any CPU.ActiveCfg = Debug|Any CPU
		{559CA8D3-E8B1-4F14-AFA1-3B5AFB76FC23}.Debug|Any CPU.Build.0 = Debug|Any CPU
		{559CA8D3-E8B1-4F14-AFA1-3B5AFB76FC23}.Release|Any CPU.ActiveCfg = Release|Any CPU
		{559CA8D3-E8B1-4F14-AFA1-3B5AFB76FC23}.Release|Any CPU.Build.0 = Release|Any CPU
	EndGlobalSection
	GlobalSection(SolutionProperties) = preSolution
		HideSolutionNode = FALSE
	EndGlobalSection
	GlobalSection(ExtensibilityGlobals) = postSolution
		SolutionGuid = {961824D8-9DEB-4EF2-9303-B77B7B4D34F0}
	EndGlobalSection
EndGlobal
